Microsoft Visual Studio Solution File, Format Version 12.00
# Visual Studio 2012
Project("{FAE04EC0-301F-11D3-BF4B-00C04F79EFBC}") = "Fryz.Apps.SpaceTrader", "Fryz.Apps.SpaceTrader.csproj", "{0ED352CE-6DA4-49C4-A458-93630C48F40D}"
EndProject
Global
	GlobalSection(SolutionConfigurationPlatforms) = preSolution
		Debug|Default = Debug|Default
		Release|Default = Release|Default
	EndGlobalSection
	GlobalSection(ProjectConfigurationPlatforms) = postSolution
		{0ED352CE-6DA4-49C4-A458-93630C48F40D}.Debug|Default.ActiveCfg = Debug|Any CPU
		{0ED352CE-6DA4-49C4-A458-93630C48F40D}.Debug|Default.Build.0 = Debug|Any CPU
		{0ED352CE-6DA4-49C4-A458-93630C48F40D}.Release|Default.ActiveCfg = Release|Any CPU
		{0ED352CE-6DA4-49C4-A458-93630C48F40D}.Release|Default.Build.0 = Release|Any CPU
	EndGlobalSection
	GlobalSection(SolutionProperties) = preSolution
		HideSolutionNode = FALSE
	EndGlobalSection
EndGlobal
